
Microsoft Visual Studio Solution File, Format Version 12.00
# Visual Studio 15
VisualStudioVersion = 15.0.27428.2037
MinimumVisualStudioVersion = 10.0.40219.1
Project("{FAE04EC0-301F-11D3-BF4B-00C04F79EFBC}") = "Db.First.Model", "Db.First.Model\Db.First.Model.csproj", "{232D2E86-97C9-4C0A-B49C-02F917C2E360}"
EndProject
Global
	GlobalSection(SolutionConfigurationPlatforms) = preSolution
		Debug|Any CPU = Debug|Any CPU
		Release|Any CPU = Release|Any CPU
	EndGlobalSection
	GlobalSection(ProjectConfigurationPlatforms) = postSolution
		{232D2E86-97C9-4C0A-B49C-02F917C2E360}.Debug|Any CPU.ActiveCfg = Debug|Any CPU
		{232D2E86-97C9-4C0A-B49C-02F917C2E360}.Debug|Any CPU.Build.0 = Debug|Any CPU
		{232D2E86-97C9-4C0A-B49C-02F917C2E360}.Release|Any CPU.ActiveCfg = Release|Any CPU
		{232D2E86-97C9-4C0A-B49C-02F917C2E360}.Release|Any CPU.Build.0 = Release|Any CPU
	EndGlobalSection
	GlobalSection(SolutionProperties) = preSolution
		HideSolutionNode = FALSE
	EndGlobalSection
	GlobalSection(ExtensibilityGlobals) = postSolution
		SolutionGuid = {9B476CFB-6BA0-48A3-A6B1-DE562098FFE8}
	EndGlobalSection
EndGlobal
